
Microsoft Visual Studio Solution File, Format Version 12.00
# Visual Studio 15
Project("{FAE04EC0-301F-11D3-BF4B-00C04F79EFBC}") = "Assembly-CSharp", "Assembly-CSharp.csproj", "{66A2BDF9-031A-FD31-6A0A-EFC5D63A9B14}"
EndProject
Project("{FAE04EC0-301F-11D3-BF4B-00C04F79EFBC}") = "Assembly-CSharp-Editor", "Assembly-CSharp-Editor.csproj", "{373F65ED-6164-A6A0-48EF-759A29F544E5}"
EndProject
Global
	GlobalSection(SolutionConfigurationPlatforms) = preSolution
		Debug|Any CPU = Debug|Any CPU
		Release|Any CPU = Release|Any CPU
	EndGlobalSection
	GlobalSection(ProjectConfigurationPlatforms) = postSolution
		{66A2BDF9-031A-FD31-6A0A-EFC5D63A9B14}.Debug|Any CPU.ActiveCfg = Debug|Any CPU
		{66A2BDF9-031A-FD31-6A0A-EFC5D63A9B14}.Debug|Any CPU.Build.0 = Debug|Any CPU
		{66A2BDF9-031A-FD31-6A0A-EFC5D63A9B14}.Release|Any CPU.ActiveCfg = Release|Any CPU
		{66A2BDF9-031A-FD31-6A0A-EFC5D63A9B14}.Release|Any CPU.Build.0 = Release|Any CPU
		{373F65ED-6164-A6A0-48EF-759A29F544E5}.Debug|Any CPU.ActiveCfg = Debug|Any CPU
		{373F65ED-6164-A6A0-48EF-759A29F544E5}.Debug|Any CPU.Build.0 = Debug|Any CPU
		{373F65ED-6164-A6A0-48EF-759A29F544E5}.Release|Any CPU.ActiveCfg = Release|Any CPU
		{373F65ED-6164-A6A0-48EF-759A29F544E5}.Release|Any CPU.Build.0 = Release|Any CPU
	EndGlobalSection
	GlobalSection(SolutionProperties) = preSolution
		HideSolutionNode = FALSE
	EndGlobalSection
EndGlobal
